
Microsoft Visual Studio Solution File, Format Version 12.00
# Visual Studio 15
VisualStudioVersion = 15.0.28010.2019
MinimumVisualStudioVersion = 10.0.40219.1
Project("{9A19103F-16F7-4668-BE54-9A1E7A4F7556}") = "RWD.Toolbox.Conversion", "RWD.Toolbox.Conversion\RWD.Toolbox.Conversion.csproj", "{978D2C11-247A-48CF-9B0E-F245E6EC79B4}"
EndProject
Project("{9A19103F-16F7-4668-BE54-9A1E7A4F7556}") = "RWD.Toolbox.Conversion.Test", "RWD.Toolbox.Conversion.Test\RWD.Toolbox.Conversion.Test.csproj", "{ECF2C1DE-0B63-4494-8193-0CF5A5D2D5EE}"
EndProject
Global
	GlobalSection(SolutionConfigurationPlatforms) = preSolution
		CD_ROM|Any CPU = CD_ROM|Any CPU
		Debug|Any CPU = Debug|Any CPU
		DVD-5|Any CPU = DVD-5|Any CPU
		Release|Any CPU = Release|Any CPU
		SingleImage|Any CPU = SingleImage|Any CPU
	EndGlobalSection
	GlobalSection(ProjectConfigurationPlatforms) = postSolution
		{978D2C11-247A-48CF-9B0E-F245E6EC79B4}.CD_ROM|Any CPU.ActiveCfg = Debug|Any CPU
		{978D2C11-247A-48CF-9B0E-F245E6EC79B4}.CD_ROM|Any CPU.Build.0 = Debug|Any CPU
		{978D2C11-247A-48CF-9B0E-F245E6EC79B4}.Debug|Any CPU.ActiveCfg = Debug|Any CPU
		{978D2C11-247A-48CF-9B0E-F245E6EC79B4}.Debug|Any CPU.Build.0 = Debug|Any CPU
		{978D2C11-247A-48CF-9B0E-F245E6EC79B4}.DVD-5|Any CPU.ActiveCfg = Debug|Any CPU
		{978D2C11-247A-48CF-9B0E-F245E6EC79B4}.DVD-5|Any CPU.Build.0 = Debug|Any CPU
		{978D2C11-247A-48CF-9B0E-F245E6EC79B4}.Release|Any CPU.ActiveCfg = Release|Any CPU
		{978D2C11-247A-48CF-9B0E-F245E6EC79B4}.Release|Any CPU.Build.0 = Release|Any CPU
		{978D2C11-247A-48CF-9B0E-F245E6EC79B4}.SingleImage|Any CPU.ActiveCfg = Debug|Any CPU
		{978D2C11-247A-48CF-9B0E-F245E6EC79B4}.SingleImage|Any CPU.Build.0 = Debug|Any CPU
		{ECF2C1DE-0B63-4494-8193-0CF5A5D2D5EE}.CD_ROM|Any CPU.ActiveCfg = Debug|Any CPU
		{ECF2C1DE-0B63-4494-8193-0CF5A5D2D5EE}.CD_ROM|Any CPU.Build.0 = Debug|Any CPU
		{ECF2C1DE-0B63-4494-8193-0CF5A5D2D5EE}.Debug|Any CPU.ActiveCfg = Debug|Any CPU
		{ECF2C1DE-0B63-4494-8193-0CF5A5D2D5EE}.Debug|Any CPU.Build.0 = Debug|Any CPU
		{ECF2C1DE-0B63-4494-8193-0CF5A5D2D5EE}.DVD-5|Any CPU.ActiveCfg = Debug|Any CPU
		{ECF2C1DE-0B63-4494-8193-0CF5A5D2D5EE}.DVD-5|Any CPU.Build.0 = Debug|Any CPU
		{ECF2C1DE-0B63-4494-8193-0CF5A5D2D5EE}.Release|Any CPU.ActiveCfg = Release|Any CPU
		{ECF2C1DE-0B63-4494-8193-0CF5A5D2D5EE}.Release|Any CPU.Build.0 = Release|Any CPU
		{ECF2C1DE-0B63-4494-8193-0CF5A5D2D5EE}.SingleImage|Any CPU.ActiveCfg = Debug|Any CPU
		{ECF2C1DE-0B63-4494-8193-0CF5A5D2D5EE}.SingleImage|Any CPU.Build.0 = Debug|Any CPU
	EndGlobalSection
	GlobalSection(SolutionProperties) = preSolution
		HideSolutionNode = FALSE
	EndGlobalSection
	GlobalSection(ExtensibilityGlobals) = postSolution
		SolutionGuid = {6B9C3055-4A55-42D9-8D99-B35C1BAA25F6}
		BuildVersion_StartDate = 2000/1/1
	EndGlobalSection
EndGlobal
